PODS:
  - Alamofire (5.4.4)
  - Flutter (1.0.0)
  - foloosi_pass (0.0.1):
    - Alamofire (= 5.4.4)
    - Flutter
    - ZIPFoundation (= 0.9.19)
  - integration_test (0.0.1):
    - Flutter
  - ZIPFoundation (0.9.19)

DEPENDENCIES:
  - Flutter (from `Flutter`)
  - foloosi_pass (from `.symlinks/plugins/foloosi_pass/ios`)
  - integration_test (from `.symlinks/plugins/integration_test/ios`)

SPEC REPOS:
  trunk:
    - Alamofire
    - ZIPFoundation

EXTERNAL SOURCES:
  Flutter:
    :path: Flutter
  foloosi_pass:
    :path: ".symlinks/plugins/foloosi_pass/ios"
  integration_test:
    :path: ".symlinks/plugins/integration_test/ios"

SPEC CHECKSUMS:
  Alamofire: f3b09a368f1582ab751b3fff5460276e0d2cf5c9
  Flutter: cabc95a1d2626b1b06e7179b784ebcf0c0cde467
  foloosi_pass: 4aa40331f695b5d84e86ac43fd1a1c9443f3b524
  integration_test: 4a889634ef21a45d28d50d622cf412dc6d9f586e
  ZIPFoundation: b8c29ea7ae353b309bc810586181fd073cb3312c

PODFILE CHECKSUM: 53a6aebc29ccee84c41f92f409fc20cd4ca011f1

COCOAPODS: 1.16.2
