PODS:
  - Flutter (1.0.0)
  - foloosi_pass (0.0.1):
    - Flutter
    - ZIPFoundation (~> 0.9)
  - integration_test (0.0.1):
    - Flutter
  - ZIPFoundation (0.9.20)

DEPENDENCIES:
  - Flutter (from `Flutter`)
  - foloosi_pass (from `.symlinks/plugins/foloosi_pass/ios`)
  - integration_test (from `.symlinks/plugins/integration_test/ios`)

SPEC REPOS:
  trunk:
    - ZIPFoundation

EXTERNAL SOURCES:
  Flutter:
    :path: Flutter
  foloosi_pass:
    :path: ".symlinks/plugins/foloosi_pass/ios"
  integration_test:
    :path: ".symlinks/plugins/integration_test/ios"

SPEC CHECKSUMS:
  Flutter: cabc95a1d2626b1b06e7179b784ebcf0c0cde467
  foloosi_pass: ef665e3739c2ff8f6e9e8461e8e6e4c6c6c5e03c
  integration_test: 4a889634ef21a45d28d50d622cf412dc6d9f586e
  ZIPFoundation: dfd3d681c4053ff7e2f7350bc4e53b5dba3f5351

PODFILE CHECKSUM: 53a6aebc29ccee84c41f92f409fc20cd4ca011f1

COCOAPODS: 1.16.2
